
Microsoft Visual Studio Solution File, Format Version 12.00
# Visual Studio Version 17
VisualStudioVersion = 17.3.32901.215
MinimumVisualStudioVersion = 10.0.40219.1
Project("{FAE04EC0-301F-11D3-BF4B-00C04F79EFBC}") = "Task6", "Task6\Task6.csproj", "{B4E13C53-BF8D-4544-B56A-6E024F6C43FE}"
EndProject
Global
	GlobalSection(SolutionConfigurationPlatforms) = preSolution
		Debug|Any CPU = Debug|Any CPU
		Release|Any CPU = Release|Any CPU
	EndGlobalSection
	GlobalSection(ProjectConfigurationPlatforms) = postSolution
		{B4E13C53-BF8D-4544-B56A-6E024F6C43FE}.Debug|Any CPU.ActiveCfg = Debug|Any CPU
		{B4E13C53-BF8D-4544-B56A-6E024F6C43FE}.Debug|Any CPU.Build.0 = Debug|Any CPU
		{B4E13C53-BF8D-4544-B56A-6E024F6C43FE}.Release|Any CPU.ActiveCfg = Release|Any CPU
		{B4E13C53-BF8D-4544-B56A-6E024F6C43FE}.Release|Any CPU.Build.0 = Release|Any CPU
	EndGlobalSection
	GlobalSection(SolutionProperties) = preSolution
		HideSolutionNode = FALSE
	EndGlobalSection
	GlobalSection(ExtensibilityGlobals) = postSolution
		SolutionGuid = {FA6F30CF-8CC9-41B2-A0BF-5228256B0D89}
	EndGlobalSection
EndGlobal
